// !$*UTF8*$!
{
	archiveVersion = 1;
	classes = {
	};
	objectVersion = 56;
	objects = {

/* Begin PBXBuildFile section */
		B6185FE52A1E69A300AED589 /* AppCoordinator.swift in Sources */ = {isa = PBXBuildFile; fileRef = B6185FE42A1E69A300AED589 /* AppCoordinator.swift */; };
		B6185FE82A1E6FBA00AED589 /* WeatherCell.swift in Sources */ = {isa = PBXBuildFile; fileRef = B6185FE72A1E6FBA00AED589 /* WeatherCell.swift */; };
		B62218BB2A1D3908006D49C5 /* AppDelegate.swift in Sources */ = {isa = PBXBuildFile; fileRef = B62218BA2A1D3908006D49C5 /* AppDelegate.swift */; };
		B62218BD2A1D3908006D49C5 /* SceneDelegate.swift in Sources */ = {isa = PBXBuildFile; fileRef = B62218BC2A1D3908006D49C5 /* SceneDelegate.swift */; };
		B62218C42A1D3909006D49C5 /* Assets.xcassets in Resources */ = {isa = PBXBuildFile; fileRef = B62218C32A1D3909006D49C5 /* Assets.xcassets */; };
		B62218C72A1D3909006D49C5 /* LaunchScreen.storyboard in Resources */ = {isa = PBXBuildFile; fileRef = B62218C52A1D3909006D49C5 /* LaunchScreen.storyboard */; };
		B62218D42A1D3AEC006D49C5 /* WeatherView.swift in Sources */ = {isa = PBXBuildFile; fileRef = B62218D32A1D3AEC006D49C5 /* WeatherView.swift */; };
		B62218D62A1D3B17006D49C5 /* WeatherInteractor.swift in Sources */ = {isa = PBXBuildFile; fileRef = B62218D52A1D3B17006D49C5 /* WeatherInteractor.swift */; };
		B62218D82A1D3B27006D49C5 /* WeatherPresenter.swift in Sources */ = {isa = PBXBuildFile; fileRef = B62218D72A1D3B27006D49C5 /* WeatherPresenter.swift */; };
		B62218DA2A1D3B38006D49C5 /* WeatherEntity.swift in Sources */ = {isa = PBXBuildFile; fileRef = B62218D92A1D3B38006D49C5 /* WeatherEntity.swift */; };
		B62218DD2A1D3B51006D49C5 /* WeatherRouter.swift in Sources */ = {isa = PBXBuildFile; fileRef = B62218DC2A1D3B51006D49C5 /* WeatherRouter.swift */; };
		B62218E92A1D3BC9006D49C5 /* CityView.swift in Sources */ = {isa = PBXBuildFile; fileRef = B62218E82A1D3BC9006D49C5 /* CityView.swift */; };
		B62218EB2A1D3BE4006D49C5 /* CityInteractor.swift in Sources */ = {isa = PBXBuildFile; fileRef = B62218EA2A1D3BE4006D49C5 /* CityInteractor.swift */; };
		B62218ED2A1D3BF2006D49C5 /* CityPresenter.swift in Sources */ = {isa = PBXBuildFile; fileRef = B62218EC2A1D3BF2006D49C5 /* CityPresenter.swift */; };
		B62218EF2A1D3BFE006D49C5 /* CityEntity.swift in Sources */ = {isa = PBXBuildFile; fileRef = B62218EE2A1D3BFE006D49C5 /* CityEntity.swift */; };
		B62218F12A1D3C09006D49C5 /* CityRouter.swift in Sources */ = {isa = PBXBuildFile; fileRef = B62218F02A1D3C09006D49C5 /* CityRouter.swift */; };
		B62219002A1E4E98006D49C5 /* NetworkManager.swift in Sources */ = {isa = PBXBuildFile; fileRef = B62218FF2A1E4E98006D49C5 /* NetworkManager.swift */; };
		B62AD3622A1FCA8E00E9B89C /* FavoritesService.swift in Sources */ = {isa = PBXBuildFile; fileRef = B62AD3612A1FCA8E00E9B89C /* FavoritesService.swift */; };
		B6826BCC2A1EB7FC0006FB0D /* NetworkError.swift in Sources */ = {isa = PBXBuildFile; fileRef = B6826BCB2A1EB7FC0006FB0D /* NetworkError.swift */; };
		B6826BCE2A1EBD5A0006FB0D /* CityCell.swift in Sources */ = {isa = PBXBuildFile; fileRef = B6826BCD2A1EBD5A0006FB0D /* CityCell.swift */; };
		B6826BD02A1EDA620006FB0D /* WeatherService.swift in Sources */ = {isa = PBXBuildFile; fileRef = B6826BCF2A1EDA620006FB0D /* WeatherService.swift */; };
/* End PBXBuildFile section */

/* Begin PBXFileReference section */
		B6185FE42A1E69A300AED589 /* AppCoordinator.swift */ = {isa = PBXFileReference; lastKnownFileType = sourcecode.swift; path = AppCoordinator.swift; sourceTree = "<group>"; };
		B6185FE72A1E6FBA00AED589 /* WeatherCell.swift */ = {isa = PBXFileReference; lastKnownFileType = sourcecode.swift; path = WeatherCell.swift; sourceTree = "<group>"; };
		B62218B72A1D3908006D49C5 /* WeatherApp.app */ = {isa = PBXFileReference; explicitFileType = wrapper.application; includeInIndex = 0; path = WeatherApp.app; sourceTree = BUILT_PRODUCTS_DIR; };
		B62218BA2A1D3908006D49C5 /* AppDelegate.swift */ = {isa = PBXFileReference; lastKnownFileType = sourcecode.swift; path = AppDelegate.swift; sourceTree = "<group>"; };
		B62218BC2A1D3908006D49C5 /* SceneDelegate.swift */ = {isa = PBXFileReference; lastKnownFileType = sourcecode.swift; path = SceneDelegate.swift; sourceTree = "<group>"; };
		B62218C32A1D3909006D49C5 /* Assets.xcassets */ = {isa = PBXFileReference; lastKnownFileType = folder.assetcatalog; path = Assets.xcassets; sourceTree = "<group>"; };
		B62218C62A1D3909006D49C5 /* Base */ = {isa = PBXFileReference; lastKnownFileType = file.storyboard; name = Base; path = Base.lproj/LaunchScreen.storyboard; sourceTree = "<group>"; };
		B62218C82A1D3909006D49C5 /* Info.plist */ = {isa = PBXFileReference; lastKnownFileType = text.plist.xml; path = Info.plist; sourceTree = "<group>"; };
		B62218D32A1D3AEC006D49C5 /* WeatherView.swift */ = {isa = PBXFileReference; lastKnownFileType = sourcecode.swift; path = WeatherView.swift; sourceTree = "<group>"; };
		B62218D52A1D3B17006D49C5 /* WeatherInteractor.swift */ = {isa = PBXFileReference; lastKnownFileType = sourcecode.swift; path = WeatherInteractor.swift; sourceTree = "<group>"; };
		B62218D72A1D3B27006D49C5 /* WeatherPresenter.swift */ = {isa = PBXFileReference; lastKnownFileType = sourcecode.swift; path = WeatherPresenter.swift; sourceTree = "<group>"; };
		B62218D92A1D3B38006D49C5 /* WeatherEntity.swift */ = {isa = PBXFileReference; lastKnownFileType = sourcecode.swift; path = WeatherEntity.swift; sourceTree = "<group>"; };
		B62218DC2A1D3B51006D49C5 /* WeatherRouter.swift */ = {isa = PBXFileReference; lastKnownFileType = sourcecode.swift; path = WeatherRouter.swift; sourceTree = "<group>"; };
		B62218E82A1D3BC9006D49C5 /* CityView.swift */ = {isa = PBXFileReference; lastKnownFileType = sourcecode.swift; path = CityView.swift; sourceTree = "<group>"; };
		B62218EA2A1D3BE4006D49C5 /* CityInteractor.swift */ = {isa = PBXFileReference; lastKnownFileType = sourcecode.swift; path = CityInteractor.swift; sourceTree = "<group>"; };
		B62218EC2A1D3BF2006D49C5 /* CityPresenter.swift */ = {isa = PBXFileReference; lastKnownFileType = sourcecode.swift; path = CityPresenter.swift; sourceTree = "<group>"; };
		B62218EE2A1D3BFE006D49C5 /* CityEntity.swift */ = {isa = PBXFileReference; lastKnownFileType = sourcecode.swift; path = CityEntity.swift; sourceTree = "<group>"; };
		B62218F02A1D3C09006D49C5 /* CityRouter.swift */ = {isa = PBXFileReference; lastKnownFileType = sourcecode.swift; path = CityRouter.swift; sourceTree = "<group>"; };
		B62218FF2A1E4E98006D49C5 /* NetworkManager.swift */ = {isa = PBXFileReference; lastKnownFileType = sourcecode.swift; path = NetworkManager.swift; sourceTree = "<group>"; };
		B62AD3612A1FCA8E00E9B89C /* FavoritesService.swift */ = {isa = PBXFileReference; lastKnownFileType = sourcecode.swift; path = FavoritesService.swift; sourceTree = "<group>"; };
		B6826BCB2A1EB7FC0006FB0D /* NetworkError.swift */ = {isa = PBXFileReference; lastKnownFileType = sourcecode.swift; path = NetworkError.swift; sourceTree = "<group>"; };
		B6826BCD2A1EBD5A0006FB0D /* CityCell.swift */ = {isa = PBXFileReference; lastKnownFileType = sourcecode.swift; path = CityCell.swift; sourceTree = "<group>"; };
		B6826BCF2A1EDA620006FB0D /* WeatherService.swift */ = {isa = PBXFileReference; lastKnownFileType = sourcecode.swift; path = WeatherService.swift; sourceTree = "<group>"; };
/* End PBXFileReference section */

/* Begin PBXFrameworksBuildPhase section */
		B62218B42A1D3908006D49C5 /* Frameworks */ = {
			isa = PBXFrameworksBuildPhase;
			buildActionMask = 2147483647;
			files = (
			);
			runOnlyForDeploymentPostprocessing = 0;
		};
/* End PBXFrameworksBuildPhase section */

/* Begin PBXGroup section */
		B62218AE2A1D3908006D49C5 = {
			isa = PBXGroup;
			children = (
				B62218B92A1D3908006D49C5 /* WeatherApp */,
				B62218B82A1D3908006D49C5 /* Products */,
			);
			sourceTree = "<group>";
		};
		B62218B82A1D3908006D49C5 /* Products */ = {
			isa = PBXGroup;
			children = (
				B62218B72A1D3908006D49C5 /* WeatherApp.app */,
			);
			name = Products;
			sourceTree = "<group>";
		};
		B62218B92A1D3908006D49C5 /* WeatherApp */ = {
			isa = PBXGroup;
			children = (
				B62218CE2A1D3A55006D49C5 /* App */,
				B62218FD2A1D3CD8006D49C5 /* Services */,
				B62218D02A1D3A97006D49C5 /* Modules */,
				B62218CF2A1D3A69006D49C5 /* Support */,
				B62218C82A1D3909006D49C5 /* Info.plist */,
			);
			path = WeatherApp;
			sourceTree = "<group>";
		};
		B62218CE2A1D3A55006D49C5 /* App */ = {
			isa = PBXGroup;
			children = (
				B62218BA2A1D3908006D49C5 /* AppDelegate.swift */,
				B62218BC2A1D3908006D49C5 /* SceneDelegate.swift */,
				B6185FE42A1E69A300AED589 /* AppCoordinator.swift */,
			);
			path = App;
			sourceTree = "<group>";
		};
		B62218CF2A1D3A69006D49C5 /* Support */ = {
			isa = PBXGroup;
			children = (
				B62218C32A1D3909006D49C5 /* Assets.xcassets */,
				B62218C52A1D3909006D49C5 /* LaunchScreen.storyboard */,
			);
			path = Support;
			sourceTree = "<group>";
		};
		B62218D02A1D3A97006D49C5 /* Modules */ = {
			isa = PBXGroup;
			children = (
				B62218D22A1D3AD1006D49C5 /* City */,
				B62218D12A1D3AA5006D49C5 /* Weather */,
			);
			path = Modules;
			sourceTree = "<group>";
		};
		B62218D12A1D3AA5006D49C5 /* Weather */ = {
			isa = PBXGroup;
			children = (
				B6185FE72A1E6FBA00AED589 /* WeatherCell.swift */,
				B62218D32A1D3AEC006D49C5 /* WeatherView.swift */,
				B62218D52A1D3B17006D49C5 /* WeatherInteractor.swift */,
				B62218D72A1D3B27006D49C5 /* WeatherPresenter.swift */,
				B62218D92A1D3B38006D49C5 /* WeatherEntity.swift */,
				B62218DC2A1D3B51006D49C5 /* WeatherRouter.swift */,
			);
			path = Weather;
			sourceTree = "<group>";
		};
		B62218D22A1D3AD1006D49C5 /* City */ = {
			isa = PBXGroup;
			children = (
				B6826BCD2A1EBD5A0006FB0D /* CityCell.swift */,
				B62218E82A1D3BC9006D49C5 /* CityView.swift */,
				B62218EA2A1D3BE4006D49C5 /* CityInteractor.swift */,
				B62218EC2A1D3BF2006D49C5 /* CityPresenter.swift */,
				B62218EE2A1D3BFE006D49C5 /* CityEntity.swift */,
				B62218F02A1D3C09006D49C5 /* CityRouter.swift */,
			);
			path = City;
			sourceTree = "<group>";
		};
		B62218FD2A1D3CD8006D49C5 /* Services */ = {
			isa = PBXGroup;
			children = (
				B6826BCB2A1EB7FC0006FB0D /* NetworkError.swift */,
				B6826BCF2A1EDA620006FB0D /* WeatherService.swift */,
				B62218FF2A1E4E98006D49C5 /* NetworkManager.swift */,
				B62AD3612A1FCA8E00E9B89C /* FavoritesService.swift */,
			);
			path = Services;
			sourceTree = "<group>";
		};
/* End PBXGroup section */

/* Begin PBXNativeTarget section */
		B62218B62A1D3908006D49C5 /* WeatherApp */ = {
			isa = PBXNativeTarget;
			buildConfigurationList = B62218CB2A1D3909006D49C5 /* Build configuration list for PBXNativeTarget "WeatherApp" */;
			buildPhases = (
				B62218B32A1D3908006D49C5 /* Sources */,
				B62218B42A1D3908006D49C5 /* Frameworks */,
				B62218B52A1D3908006D49C5 /* Resources */,
			);
			buildRules = (
			);
			dependencies = (
			);
			name = WeatherApp;
			productName = WeatherApp;
			productReference = B62218B72A1D3908006D49C5 /* WeatherApp.app */;
			productType = "com.apple.product-type.application";
		};
/* End PBXNativeTarget section */

/* Begin PBXProject section */
		B62218AF2A1D3908006D49C5 /* Project object */ = {
			isa = PBXProject;
			attributes = {
				BuildIndependentTargetsInParallel = 1;
				LastSwiftUpdateCheck = 1430;
				LastUpgradeCheck = 1430;
				TargetAttributes = {
					B62218B62A1D3908006D49C5 = {
						CreatedOnToolsVersion = 14.3;
					};
				};
			};
			buildConfigurationList = B62218B22A1D3908006D49C5 /* Build configuration list for PBXProject "WeatherApp" */;
			compatibilityVersion = "Xcode 14.0";
			developmentRegion = en;
			hasScannedForEncodings = 0;
			knownRegions = (
				en,
				Base,
			);
			mainGroup = B62218AE2A1D3908006D49C5;
			productRefGroup = B62218B82A1D3908006D49C5 /* Products */;
			projectDirPath = "";
			projectRoot = "";
			targets = (
				B62218B62A1D3908006D49C5 /* WeatherApp */,
			);
		};
/* End PBXProject section */

/* Begin PBXResourcesBuildPhase section */
		B62218B52A1D3908006D49C5 /* Resources */ = {
			isa = PBXResourcesBuildPhase;
			buildActionMask = 2147483647;
			files = (
				B62218C72A1D3909006D49C5 /* LaunchScreen.storyboard in Resources */,
				B62218C42A1D3909006D49C5 /* Assets.xcassets in Resources */,
			);
			runOnlyForDeploymentPostprocessing = 0;
		};
/* End PBXResourcesBuildPhase section */

/* Begin PBXSourcesBuildPhase section */
		B62218B32A1D3908006D49C5 /* Sources */ = {
			isa = PBXSourcesBuildPhase;
			buildActionMask = 2147483647;
			files = (
				B6185FE52A1E69A300AED589 /* AppCoordinator.swift in Sources */,
				B6826BCC2A1EB7FC0006FB0D /* NetworkError.swift in Sources */,
				B6185FE82A1E6FBA00AED589 /* WeatherCell.swift in Sources */,
				B62218D82A1D3B27006D49C5 /* WeatherPresenter.swift in Sources */,
				B62218BB2A1D3908006D49C5 /* AppDelegate.swift in Sources */,
				B62218DA2A1D3B38006D49C5 /* WeatherEntity.swift in Sources */,
				B62218E92A1D3BC9006D49C5 /* CityView.swift in Sources */,
				B62218EB2A1D3BE4006D49C5 /* CityInteractor.swift in Sources */,
				B62219002A1E4E98006D49C5 /* NetworkManager.swift in Sources */,
				B62218D62A1D3B17006D49C5 /* WeatherInteractor.swift in Sources */,
				B6826BD02A1EDA620006FB0D /* WeatherService.swift in Sources */,
				B62218BD2A1D3908006D49C5 /* SceneDelegate.swift in Sources */,
				B6826BCE2A1EBD5A0006FB0D /* CityCell.swift in Sources */,
				B62218F12A1D3C09006D49C5 /* CityRouter.swift in Sources */,
				B62AD3622A1FCA8E00E9B89C /* FavoritesService.swift in Sources */,
				B62218D42A1D3AEC006D49C5 /* WeatherView.swift in Sources */,
				B62218DD2A1D3B51006D49C5 /* WeatherRouter.swift in Sources */,
				B62218EF2A1D3BFE006D49C5 /* CityEntity.swift in Sources */,
				B62218ED2A1D3BF2006D49C5 /* CityPresenter.swift in Sources */,
			);
			runOnlyForDeploymentPostprocessing = 0;
		};
/* End PBXSourcesBuildPhase section */

/* Begin PBXVariantGroup section */
		B62218C52A1D3909006D49C5 /* LaunchScreen.storyboard */ = {
			isa = PBXVariantGroup;
			children = (
				B62218C62A1D3909006D49C5 /* Base */,
			);
			name = LaunchScreen.storyboard;
			sourceTree = "<group>";
		};
/* End PBXVariantGroup section */

/* Begin XCBuildConfiguration section */
		B62218C92A1D3909006D49C5 /* Debug */ = {
			isa = XCBuildConfiguration;
			buildSettings = {
				ALWAYS_SEARCH_USER_PATHS = NO;
				CLANG_ANALYZER_NONNULL = YES;
				CLANG_ANALYZER_NUMBER_OBJECT_CONVERSION = YES_AGGRESSIVE;
				CLANG_CXX_LANGUAGE_STANDARD = "gnu++20";
				CLANG_ENABLE_MODULES = YES;
				CLANG_ENABLE_OBJC_ARC = YES;
				CLANG_ENABLE_OBJC_WEAK = YES;
				CLANG_WARN_BLOCK_CAPTURE_AUTORELEASING = YES;
				CLANG_WARN_BOOL_CONVERSION = YES;
				CLANG_WARN_COMMA = YES;
				CLANG_WARN_CONSTANT_CONVERSION = YES;
				CLANG_WARN_DEPRECATED_OBJC_IMPLEMENTATIONS = YES;
				CLANG_WARN_DIRECT_OBJC_ISA_USAGE = YES_ERROR;
				CLANG_WARN_DOCUMENTATION_COMMENTS = YES;
				CLANG_WARN_EMPTY_BODY = YES;
				CLANG_WARN_ENUM_CONVERSION = YES;
				CLANG_WARN_INFINITE_RECURSION = YES;
				CLANG_WARN_INT_CONVERSION = YES;
				CLANG_WARN_NON_LITERAL_NULL_CONVERSION = YES;
				CLANG_WARN_OBJC_IMPLICIT_RETAIN_SELF = YES;
				CLANG_WARN_OBJC_LITERAL_CONVERSION = YES;
				CLANG_WARN_OBJC_ROOT_CLASS = YES_ERROR;
				CLANG_WARN_QUOTED_INCLUDE_IN_FRAMEWORK_HEADER = YES;
				CLANG_WARN_RANGE_LOOP_ANALYSIS = YES;
				CLANG_WARN_STRICT_PROTOTYPES = YES;
				CLANG_WARN_SUSPICIOUS_MOVE = YES;
				CLANG_WARN_UNGUARDED_AVAILABILITY = YES_AGGRESSIVE;
				CLANG_WARN_UNREACHABLE_CODE = YES;
				CLANG_WARN__DUPLICATE_METHOD_MATCH = YES;
				COPY_PHASE_STRIP = NO;
				DEBUG_INFORMATION_FORMAT = dwarf;
				ENABLE_STRICT_OBJC_MSGSEND = YES;
				ENABLE_TESTABILITY = YES;
				GCC_C_LANGUAGE_STANDARD = gnu11;
				GCC_DYNAMIC_NO_PIC = NO;
				GCC_NO_COMMON_BLOCKS = YES;
				GCC_OPTIMIZATION_LEVEL = 0;
				GCC_PREPROCESSOR_DEFINITIONS = (
					"DEBUG=1",
					"$(inherited)",
				);
				GCC_WARN_64_TO_32_BIT_CONVERSION = YES;
				GCC_WARN_ABOUT_RETURN_TYPE = YES_ERROR;
				GCC_WARN_UNDECLARED_SELECTOR = YES;
				GCC_WARN_UNINITIALIZED_AUTOS = YES_AGGRESSIVE;
				GCC_WARN_UNUSED_FUNCTION = YES;
				GCC_WARN_UNUSED_VARIABLE = YES;
				IPHONEOS_DEPLOYMENT_TARGET = 16.4;
				MTL_ENABLE_DEBUG_INFO = INCLUDE_SOURCE;
				MTL_FAST_MATH = YES;
				ONLY_ACTIVE_ARCH = YES;
				SDKROOT = iphoneos;
				SWIFT_ACTIVE_COMPILATION_CONDITIONS = DEBUG;
				SWIFT_OPTIMIZATION_LEVEL = "-Onone";
			};
			name = Debug;
		};
		B62218CA2A1D3909006D49C5 /* Release */ = {
			isa = XCBuildConfiguration;
			buildSettings = {
				ALWAYS_SEARCH_USER_PATHS = NO;
				CLANG_ANALYZER_NONNULL = YES;
				CLANG_ANALYZER_NUMBER_OBJECT_CONVERSION = YES_AGGRESSIVE;
				CLANG_CXX_LANGUAGE_STANDARD = "gnu++20";
				CLANG_ENABLE_MODULES = YES;
				CLANG_ENABLE_OBJC_ARC = YES;
				CLANG_ENABLE_OBJC_WEAK = YES;
				CLANG_WARN_BLOCK_CAPTURE_AUTORELEASING = YES;
				CLANG_WARN_BOOL_CONVERSION = YES;
				CLANG_WARN_COMMA = YES;
				CLANG_WARN_CONSTANT_CONVERSION = YES;
				CLANG_WARN_DEPRECATED_OBJC_IMPLEMENTATIONS = YES;
				CLANG_WARN_DIRECT_OBJC_ISA_USAGE = YES_ERROR;
				CLANG_WARN_DOCUMENTATION_COMMENTS = YES;
				CLANG_WARN_EMPTY_BODY = YES;
				CLANG_WARN_ENUM_CONVERSION = YES;
				CLANG_WARN_INFINITE_RECURSION = YES;
				CLANG_WARN_INT_CONVERSION = YES;
				CLANG_WARN_NON_LITERAL_NULL_CONVERSION = YES;
				CLANG_WARN_OBJC_IMPLICIT_RETAIN_SELF = YES;
				CLANG_WARN_OBJC_LITERAL_CONVERSION = YES;
				CLANG_WARN_OBJC_ROOT_CLASS = YES_ERROR;
				CLANG_WARN_QUOTED_INCLUDE_IN_FRAMEWORK_HEADER = YES;
				CLANG_WARN_RANGE_LOOP_ANALYSIS = YES;
				CLANG_WARN_STRICT_PROTOTYPES = YES;
				CLANG_WARN_SUSPICIOUS_MOVE = YES;
				CLANG_WARN_UNGUARDED_AVAILABILITY = YES_AGGRESSIVE;
				CLANG_WARN_UNREACHABLE_CODE = YES;
				CLANG_WARN__DUPLICATE_METHOD_MATCH = YES;
				COPY_PHASE_STRIP = NO;
				DEBUG_INFORMATION_FORMAT = "dwarf-with-dsym";
				ENABLE_NS_ASSERTIONS = NO;
				ENABLE_STRICT_OBJC_MSGSEND = YES;
				GCC_C_LANGUAGE_STANDARD = gnu11;
				GCC_NO_COMMON_BLOCKS = YES;
				GCC_WARN_64_TO_32_BIT_CONVERSION = YES;
				GCC_WARN_ABOUT_RETURN_TYPE = YES_ERROR;
				GCC_WARN_UNDECLARED_SELECTOR = YES;
				GCC_WARN_UNINITIALIZED_AUTOS = YES_AGGRESSIVE;
				GCC_WARN_UNUSED_FUNCTION = YES;
				GCC_WARN_UNUSED_VARIABLE = YES;
				IPHONEOS_DEPLOYMENT_TARGET = 16.4;
				MTL_ENABLE_DEBUG_INFO = NO;
				MTL_FAST_MATH = YES;
				SDKROOT = iphoneos;
				SWIFT_COMPILATION_MODE = wholemodule;
				SWIFT_OPTIMIZATION_LEVEL = "-O";
				VALIDATE_PRODUCT = YES;
			};
			name = Release;
		};
		B62218CC2A1D3909006D49C5 /* Debug */ = {
			isa = XCBuildConfiguration;
			buildSettings = {
				ASSETCATALOG_COMPILER_APPICON_NAME = AppIcon;
				ASSETCATALOG_COMPILER_GLOBAL_ACCENT_COLOR_NAME = AccentColor;
				CODE_SIGN_STYLE = Automatic;
				CURRENT_PROJECT_VERSION = 1;
				DEVELOPMENT_TEAM = 7FAA7L9346;
				GENERATE_INFOPLIST_FILE = YES;
				INFOPLIST_FILE = WeatherApp/Info.plist;
				INFOPLIST_KEY_UIApplicationSupportsIndirectInputEvents = YES;
				INFOPLIST_KEY_UILaunchStoryboardName = LaunchScreen;
				INFOPLIST_KEY_UISupportedInterfaceOrientations = UIInterfaceOrientationPortrait;
				INFOPLIST_KEY_UISupportedInterfaceOrientations_iPad = "UIInterfaceOrientationLandscapeLeft UIInterfaceOrientationLandscapeRight UIInterfaceOrientationPortrait UIInterfaceOrientationPortraitUpsideDown";
				IPHONEOS_DEPLOYMENT_TARGET = 15.0;
				LD_RUNPATH_SEARCH_PATHS = (
					"$(inherited)",
					"@executable_path/Frameworks",
				);
				MARKETING_VERSION = 1.0;
				PRODUCT_BUNDLE_IDENTIFIER = virusloki.WeatherApp;
				PRODUCT_NAME = "$(TARGET_NAME)";
				SUPPORTED_PLATFORMS = "iphoneos iphonesimulator";
				SUPPORTS_MACCATALYST = NO;
				SUPPORTS_MAC_DESIGNED_FOR_IPHONE_IPAD = NO;
				SWIFT_EMIT_LOC_STRINGS = YES;
				SWIFT_VERSION = 5.0;
				TARGETED_DEVICE_FAMILY = 1;
			};
			name = Debug;
		};
		B62218CD2A1D3909006D49C5 /* Release */ = {
			isa = XCBuildConfiguration;
			buildSettings = {
				ASSETCATALOG_COMPILER_APPICON_NAME = AppIcon;
				ASSETCATALOG_COMPILER_GLOBAL_ACCENT_COLOR_NAME = AccentColor;
				CODE_SIGN_STYLE = Automatic;
				CURRENT_PROJECT_VERSION = 1;
				DEVELOPMENT_TEAM = 7FAA7L9346;
				GENERATE_INFOPLIST_FILE = YES;
				INFOPLIST_FILE = WeatherApp/Info.plist;
				INFOPLIST_KEY_UIApplicationSupportsIndirectInputEvents = YES;
				INFOPLIST_KEY_UILaunchStoryboardName = LaunchScreen;
				INFOPLIST_KEY_UISupportedInterfaceOrientations = UIInterfaceOrientationPortrait;
				INFOPLIST_KEY_UISupportedInterfaceOrientations_iPad = "UIInterfaceOrientationLandscapeLeft UIInterfaceOrientationLandscapeRight UIInterfaceOrientationPortrait UIInterfaceOrientationPortraitUpsideDown";
				IPHONEOS_DEPLOYMENT_TARGET = 15.0;
				LD_RUNPATH_SEARCH_PATHS = (
					"$(inherited)",
					"@executable_path/Frameworks",
				);
				MARKETING_VERSION = 1.0;
				PRODUCT_BUNDLE_IDENTIFIER = virusloki.WeatherApp;
				PRODUCT_NAME = "$(TARGET_NAME)";
				SUPPORTED_PLATFORMS = "iphoneos iphonesimulator";
				SUPPORTS_MACCATALYST = NO;
				SUPPORTS_MAC_DESIGNED_FOR_IPHONE_IPAD = NO;
				SWIFT_EMIT_LOC_STRINGS = YES;
				SWIFT_VERSION = 5.0;
				TARGETED_DEVICE_FAMILY = 1;
			};
			name = Release;
		};
/* End XCBuildConfiguration section */

/* Begin XCConfigurationList section */
		B62218B22A1D3908006D49C5 /* Build configuration list for PBXProject "WeatherApp" */ = {
			isa = XCConfigurationList;
			buildConfigurations = (
				B62218C92A1D3909006D49C5 /* Debug */,
				B62218CA2A1D3909006D49C5 /* Release */,
			);
			defaultConfigurationIsVisible = 0;
			defaultConfigurationName = Release;
		};
		B62218CB2A1D3909006D49C5 /* Build configuration list for PBXNativeTarget "WeatherApp" */ = {
			isa = XCConfigurationList;
			buildConfigurations = (
				B62218CC2A1D3909006D49C5 /* Debug */,
				B62218CD2A1D3909006D49C5 /* Release */,
			);
			defaultConfigurationIsVisible = 0;
			defaultConfigurationName = Release;
		};
/* End XCConfigurationList section */
	};
	rootObject = B62218AF2A1D3908006D49C5 /* Project object */;
}
